
Microsoft Visual Studio Solution File, Format Version 12.00
# Visual Studio Version 16
VisualStudioVersion = 16.0.30804.86
MinimumVisualStudioVersion = 10.0.40219.1
Project("{FAE04EC0-301F-11D3-BF4B-00C04F79EFBC}") = "MergeSort (.NET Core)", "MergeSort (.NET Core)\MergeSort (.NET Core).csproj", "{EFB2F930-DAC8-4B5E-A920-A825FDE1037D}"
EndProject
Global
	GlobalSection(SolutionConfigurationPlatforms) = preSolution
		Debug|Any CPU = Debug|Any CPU
		Release|Any CPU = Release|Any CPU
	EndGlobalSection
	GlobalSection(ProjectConfigurationPlatforms) = postSolution
		{EFB2F930-DAC8-4B5E-A920-A825FDE1037D}.Debug|Any CPU.ActiveCfg = Debug|Any CPU
		{EFB2F930-DAC8-4B5E-A920-A825FDE1037D}.Debug|Any CPU.Build.0 = Debug|Any CPU
		{EFB2F930-DAC8-4B5E-A920-A825FDE1037D}.Release|Any CPU.ActiveCfg = Release|Any CPU
		{EFB2F930-DAC8-4B5E-A920-A825FDE1037D}.Release|Any CPU.Build.0 = Release|Any CPU
	EndGlobalSection
	GlobalSection(SolutionProperties) = preSolution
		HideSolutionNode = FALSE
	EndGlobalSection
	GlobalSection(ExtensibilityGlobals) = postSolution
		SolutionGuid = {7512D0C7-DA00-49CC-85EE-F38B539862A1}
	EndGlobalSection
EndGlobal
