
Microsoft Visual Studio Solution File, Format Version 12.00
# Visual Studio Version 16
VisualStudioVersion = 16.0.30804.86
MinimumVisualStudioVersion = 10.0.40219.1
Project("{FAE04EC0-301F-11D3-BF4B-00C04F79EFBC}") = "Quick Sort", "Quick Sort\Quick Sort.csproj", "{209299D8-72B2-4E48-AE6C-B9C7E2FD3B78}"
EndProject
Global
	GlobalSection(SolutionConfigurationPlatforms) = preSolution
		Debug|Any CPU = Debug|Any CPU
		Release|Any CPU = Release|Any CPU
	EndGlobalSection
	GlobalSection(ProjectConfigurationPlatforms) = postSolution
		{209299D8-72B2-4E48-AE6C-B9C7E2FD3B78}.Debug|Any CPU.ActiveCfg = Debug|Any CPU
		{209299D8-72B2-4E48-AE6C-B9C7E2FD3B78}.Debug|Any CPU.Build.0 = Debug|Any CPU
		{209299D8-72B2-4E48-AE6C-B9C7E2FD3B78}.Release|Any CPU.ActiveCfg = Release|Any CPU
		{209299D8-72B2-4E48-AE6C-B9C7E2FD3B78}.Release|Any CPU.Build.0 = Release|Any CPU
	EndGlobalSection
	GlobalSection(SolutionProperties) = preSolution
		HideSolutionNode = FALSE
	EndGlobalSection
	GlobalSection(ExtensibilityGlobals) = postSolution
		SolutionGuid = {87400761-4F6C-4D5D-A3E6-6B76DA1D99D3}
	EndGlobalSection
EndGlobal
